PODS:
  - "app_settings_plus (5.2.0+1)":
    - Flutter
  - Flutter (1.0.0)

DEPENDENCIES:
  - app_settings_plus (from `.symlinks/plugins/app_settings_plus/ios`)
  - Flutter (from `Flutter`)

EXTERNAL SOURCES:
  app_settings_plus:
    :path: ".symlinks/plugins/app_settings_plus/ios"
  Flutter:
    :path: Flutter

SPEC CHECKSUMS:
  app_settings_plus: 23c28d9ca2a26ad6e8390c697d0fd9b81142ee70
  Flutter: e0871f40cf51350855a761d2e70bf5af5b9b5de7

PODFILE CHECKSUM: 819463e6a0290f5a72f145ba7cde16e8b6ef0796

COCOAPODS: 1.16.2
